# THIS IS AN AUTOGENERATED FILE. DO NOT EDIT THIS FILE DIRECTLY.
# yarn lockfile v1


"@fastify/busboy@^2.0.0":
  version "2.0.0"
  resolved "https://registry.yarnpkg.com/@fastify/busboy/-/busboy-2.0.0.tgz#f22824caff3ae506b18207bad4126dbc6ccdb6b8"
  integrity sha512-JUFJad5lv7jxj926GPgymrWQxxjPYuJNiNjNMzqT+HiuP6Vl3dk5xzG+8sTX96np0ZAluvaMzPsjhHZ5rNuNQQ==

"@types/unist@^3.0.0":
  version "3.0.0"
  resolved "https://registry.yarnpkg.com/@types/unist/-/unist-3.0.0.tgz#988ae8af1e5239e89f9fbb1ade4c935f4eeedf9a"
  integrity sha512-MFETx3tbTjE7Uk6vvnWINA/1iJ7LuMdO4fcq8UfF0pRbj01aGLduVvQcRyswuACJdpnHgg8E3rQLhaRdNEJS0w==

boolbase@^1.0.0:
  version "1.0.0"
  resolved "https://registry.yarnpkg.com/boolbase/-/boolbase-1.0.0.tgz#68dff5fbe60c51eb37725ea9e3ed310dcc1e776e"
  integrity sha512-JZOSA7Mo9sNGB8+UjSgzdLtokWAky1zbztM3WRLCbZ70/3cTANmQmOdR7y2g+J0e2WXywy1yS468tY+IruqEww==

chardet@^2.0.0:
  version "2.0.0"
  resolved "https://registry.yarnpkg.com/chardet/-/chardet-2.0.0.tgz#24a74bd3954965ba2d30f490a915fc3cf053051f"
  integrity sha512-xVgPpulCooDjY6zH4m9YW3jbkaBe3FKIAvF5sj5t7aBNsVl2ljIE+xwJ4iNgiDZHFQvNIpjdKdVOQvvk5ZfxbQ==

cheerio-select@^2.1.0:
  version "2.1.0"
  resolved "https://registry.yarnpkg.com/cheerio-select/-/cheerio-select-2.1.0.tgz#4d8673286b8126ca2a8e42740d5e3c4884ae21b4"
  integrity sha512-9v9kG0LvzrlcungtnJtpGNxY+fzECQKhK4EGJX2vByejiMX84MFNQw4UxPJl3bFbTMw+Dfs37XaIkCwTZfLh4g==
  dependencies:
    boolbase "^1.0.0"
    css-select "^5.1.0"
    css-what "^6.1.0"
    domelementtype "^2.3.0"
    domhandler "^5.0.3"
    domutils "^3.0.1"

cheerio@^1.0.0-rc.12:
  version "1.0.0-rc.12"
  resolved "https://registry.yarnpkg.com/cheerio/-/cheerio-1.0.0-rc.12.tgz#788bf7466506b1c6bf5fae51d24a2c4d62e47683"
  integrity sha512-VqR8m68vM46BNnuZ5NtnGBKIE/DfN0cRIzg9n40EIq9NOv90ayxLBXA8fXC5gquFRGJSTRqBq25Jt2ECLR431Q==
  dependencies:
    cheerio-select "^2.1.0"
    dom-serializer "^2.0.0"
    domhandler "^5.0.3"
    domutils "^3.0.1"
    htmlparser2 "^8.0.1"
    parse5 "^7.0.0"
    parse5-htmlparser2-tree-adapter "^7.0.0"

css-select@^5.1.0:
  version "5.1.0"
  resolved "https://registry.yarnpkg.com/css-select/-/css-select-5.1.0.tgz#b8ebd6554c3637ccc76688804ad3f6a6fdaea8a6"
  integrity sha512-nwoRF1rvRRnnCqqY7updORDsuqKzqYJ28+oSMaJMMgOauh3fvwHqMS7EZpIPqK8GL+g9mKxF1vP/ZjSeNjEVHg==
  dependencies:
    boolbase "^1.0.0"
    css-what "^6.1.0"
    domhandler "^5.0.2"
    domutils "^3.0.1"
    nth-check "^2.0.1"

css-what@^6.1.0:
  version "6.1.0"
  resolved "https://registry.yarnpkg.com/css-what/-/css-what-6.1.0.tgz#fb5effcf76f1ddea2c81bdfaa4de44e79bac70f4"
  integrity sha512-HTUrgRJ7r4dsZKU6GjmpfRK1O76h97Z8MfS1G0FozR+oF2kG6Vfe8JE6zwrkbxigziPHinCJ+gCPjA9EaBDtRw==

dom-serializer@^2.0.0:
  version "2.0.0"
  resolved "https://registry.yarnpkg.com/dom-serializer/-/dom-serializer-2.0.0.tgz#e41b802e1eedf9f6cae183ce5e622d789d7d8e53"
  integrity sha512-wIkAryiqt/nV5EQKqQpo3SToSOV9J0DnbJqwK7Wv/Trc92zIAYZ4FlMu+JPFW1DfGFt81ZTCGgDEabffXeLyJg==
  dependencies:
    domelementtype "^2.3.0"
    domhandler "^5.0.2"
    entities "^4.2.0"

domelementtype@^2.3.0:
  version "2.3.0"
  resolved "https://registry.yarnpkg.com/domelementtype/-/domelementtype-2.3.0.tgz#5c45e8e869952626331d7aab326d01daf65d589d"
  integrity sha512-OLETBj6w0OsagBwdXnPdN0cnMfF9opN69co+7ZrbfPGrdpPVNBUj02spi6B1N7wChLQiPn4CSH/zJvXw56gmHw==

domhandler@^5.0.2, domhandler@^5.0.3:
  version "5.0.3"
  resolved "https://registry.yarnpkg.com/domhandler/-/domhandler-5.0.3.tgz#cc385f7f751f1d1fc650c21374804254538c7d31"
  integrity sha512-cgwlv/1iFQiFnU96XXgROh8xTeetsnJiDsTc7TYCLFd9+/WNkIqPTxiM/8pSd8VIrhXGTf1Ny1q1hquVqDJB5w==
  dependencies:
    domelementtype "^2.3.0"

domutils@^3.0.1:
  version "3.1.0"
  resolved "https://registry.yarnpkg.com/domutils/-/domutils-3.1.0.tgz#c47f551278d3dc4b0b1ab8cbb42d751a6f0d824e"
  integrity sha512-H78uMmQtI2AhgDJjWeQmHwJJ2bLPD3GMmO7Zja/ZZh84wkm+4ut+IUnUdRa8uCGX88DiVx1j6FRe1XfxEgjEZA==
  dependencies:
    dom-serializer "^2.0.0"
    domelementtype "^2.3.0"
    domhandler "^5.0.3"

entities@^4.2.0, entities@^4.4.0:
  version "4.5.0"
  resolved "https://registry.yarnpkg.com/entities/-/entities-4.5.0.tgz#5d268ea5e7113ec74c4d033b79ea5a35a488fb48"
  integrity sha512-V0hjH4dGPh9Ao5p0MoRY6BVqtwCjhz6vI5LT8AJ55H+4g9/4vbHx1I54fS0XuclLhDHArPQCiMjDxjaL8fPxhw==

htmlparser2@^8.0.1:
  version "8.0.2"
  resolved "https://registry.yarnpkg.com/htmlparser2/-/htmlparser2-8.0.2.tgz#f002151705b383e62433b5cf466f5b716edaec21"
  integrity sha512-GYdjWKDkbRLkZ5geuHs5NY1puJ+PXwP7+fHPRz06Eirsb9ugf6d8kkXav6ADhcODhFFPMIXyxkxSuMf3D6NCFA==
  dependencies:
    domelementtype "^2.3.0"
    domhandler "^5.0.3"
    domutils "^3.0.1"
    entities "^4.4.0"

nth-check@^2.0.1:
  version "2.1.1"
  resolved "https://registry.yarnpkg.com/nth-check/-/nth-check-2.1.1.tgz#c9eab428effce36cd6b92c924bdb000ef1f1ed1d"
  integrity sha512-lqjrjmaOoAnWfMmBPL+XNnynZh2+swxiX3WUE0s4yEHI6m+AwrK2UZOimIRl3X/4QctVqS8AiZjFqyOGrMXb/w==
  dependencies:
    boolbase "^1.0.0"

open-graph-scraper@^6.3.0:
  version "6.3.0"
  resolved "https://registry.yarnpkg.com/open-graph-scraper/-/open-graph-scraper-6.3.0.tgz#aecac3dea4e206a43e1d2659bbb114cbeb25f45e"
  integrity sha512-Kl8Xkigvw20ZppXt1m2RCucGo/L3ZsgtThZyE5CS4GJr5MrxDz7wQN7iaO/wkM3JuiP5XzblZ3gIpLIsC9dhQw==
  dependencies:
    chardet "^2.0.0"
    cheerio "^1.0.0-rc.12"
    undici "^5.25.4"
    validator "^13.11.0"

parse5-htmlparser2-tree-adapter@^7.0.0:
  version "7.0.0"
  resolved "https://registry.yarnpkg.com/parse5-htmlparser2-tree-adapter/-/parse5-htmlparser2-tree-adapter-7.0.0.tgz#23c2cc233bcf09bb7beba8b8a69d46b08c62c2f1"
  integrity sha512-B77tOZrqqfUfnVcOrUvfdLbz4pu4RopLD/4vmu3HUPswwTA8OH0EMW9BlWR2B0RCoiZRAHEUu7IxeP1Pd1UU+g==
  dependencies:
    domhandler "^5.0.2"
    parse5 "^7.0.0"

parse5@^7.0.0:
  version "7.1.2"
  resolved "https://registry.yarnpkg.com/parse5/-/parse5-7.1.2.tgz#0736bebbfd77793823240a23b7fc5e010b7f8e32"
  integrity sha512-Czj1WaSVpaoj0wbhMzLmWD69anp2WH7FXMB9n1Sy8/ZFF9jolSQVMu1Ij5WIyGmcBmhk7EOndpO4mIpihVqAXw==
  dependencies:
    entities "^4.4.0"

undici@^5.25.4:
  version "5.25.4"
  resolved "https://registry.yarnpkg.com/undici/-/undici-5.25.4.tgz#7d8ef81d94f84cd384986271e5e5599b6dff4296"
  integrity sha512-450yJxT29qKMf3aoudzFpIciqpx6Pji3hEWaXqXmanbXF58LTAGCKxcJjxMXWu3iG+Mudgo3ZUfDB6YDFd/dAw==
  dependencies:
    "@fastify/busboy" "^2.0.0"

unist-util-is@^6.0.0:
  version "6.0.0"
  resolved "https://registry.yarnpkg.com/unist-util-is/-/unist-util-is-6.0.0.tgz#b775956486aff107a9ded971d996c173374be424"
  integrity sha512-2qCTHimwdxLfz+YzdGfkqNlH0tLi9xjTnHddPmJwtIG9MGsdbutfTc4P+haPD7l7Cjxf/WZj+we5qfVPvvxfYw==
  dependencies:
    "@types/unist" "^3.0.0"

unist-util-visit-parents@^6.0.0:
  version "6.0.1"
  resolved "https://registry.yarnpkg.com/unist-util-visit-parents/-/unist-util-visit-parents-6.0.1.tgz#4d5f85755c3b8f0dc69e21eca5d6d82d22162815"
  integrity sha512-L/PqWzfTP9lzzEa6CKs0k2nARxTdZduw3zyh8d2NVBnsyvHjSX4TWse388YrrQKbvI8w20fGjGlhgT96WwKykw==
  dependencies:
    "@types/unist" "^3.0.0"
    unist-util-is "^6.0.0"

unist-util-visit@^5.0.0:
  version "5.0.0"
  resolved "https://registry.yarnpkg.com/unist-util-visit/-/unist-util-visit-5.0.0.tgz#a7de1f31f72ffd3519ea71814cccf5fd6a9217d6"
  integrity sha512-MR04uvD+07cwl/yhVuVWAtw+3GOR/knlL55Nd/wAdblk27GCVt3lqpTivy/tkJcZoNPzTwS1Y+KMojlLDhoTzg==
  dependencies:
    "@types/unist" "^3.0.0"
    unist-util-is "^6.0.0"
    unist-util-visit-parents "^6.0.0"

validator@^13.11.0:
  version "13.11.0"
  resolved "https://registry.yarnpkg.com/validator/-/validator-13.11.0.tgz#23ab3fd59290c61248364eabf4067f04955fbb1b"
  integrity sha512-Ii+sehpSfZy+At5nPdnyMhx78fEoPDkR2XW/zimHEL3MyGJQOCQ7WeP20jPYRz7ZCpcKLB21NxuXHF3bxjStBQ==
